
Microsoft Visual Studio Solution File, Format Version 12.00
# Visual Studio Version 17
Project("{8BC9CEB8-8B4A-11D0-8D11-00A0C91BC942}") = "ALL_BUILD", "ALL_BUILD.vcxproj", "{BAC7AB12-768C-39FF-AD4A-751C9B88E6DD}"
	ProjectSection(ProjectDependencies) = postProject
		{2A092CCE-FE65-3217-9040-DC4EEB255694} = {2A092CCE-FE65-3217-9040-DC4EEB255694}
		{DD9BEFFA-FD72-3650-9A8F-54A7811358A2} = {DD9BEFFA-FD72-3650-9A8F-54A7811358A2}
		{8F12F233-9D4E-3CE4-8372-6367AFF7E453} = {8F12F233-9D4E-3CE4-8372-6367AFF7E453}
		{50516C67-EFFF-35F4-A9D8-A4ABA5925FC8} = {50516C67-EFFF-35F4-A9D8-A4ABA5925FC8}
		{BC01B72B-0BA2-395D-88A0-BB93F95AB084} = {BC01B72B-0BA2-395D-88A0-BB93F95AB084}
		{25F2A902-0E8D-341C-8320-1AAC14CBBADD} = {25F2A902-0E8D-341C-8320-1AAC14CBBADD}
		{A7C69A02-1361-311D-A956-F0035D64B79C} = {A7C69A02-1361-311D-A956-F0035D64B79C}
		{2D768E55-98D8-3051-A189-E029E97A862B} = {2D768E55-98D8-3051-A189-E029E97A862B}
		{24270A8C-BF07-32BF-B730-AA2E9BD131EC} = {24270A8C-BF07-32BF-B730-AA2E9BD131EC}
		{AFAA272A-E9E7-3671-90D6-7236CE2975E1} = {AFAA272A-E9E7-3671-90D6-7236CE2975E1}
		{5A504103-F8E8-3C70-9E3A-BD41E4FFBD2A} = {5A504103-F8E8-3C70-9E3A-BD41E4FFBD2A}
	EndProjectSection
EndProject
Project("{8BC9CEB8-8B4A-11D0-8D11-00A0C91BC942}") = "AirLib", "AirLib\AirLib.vcxproj", "{2A092CCE-FE65-3217-9040-DC4EEB255694}"
	ProjectSection(ProjectDependencies) = postProject
		{2D768E55-98D8-3051-A189-E029E97A862B} = {2D768E55-98D8-3051-A189-E029E97A862B}
		{AFAA272A-E9E7-3671-90D6-7236CE2975E1} = {AFAA272A-E9E7-3671-90D6-7236CE2975E1}
		{5A504103-F8E8-3C70-9E3A-BD41E4FFBD2A} = {5A504103-F8E8-3C70-9E3A-BD41E4FFBD2A}
	EndProjectSection
EndProject
Project("{8BC9CEB8-8B4A-11D0-8D11-00A0C91BC942}") = "AirLibUnitTests", "AirLibUnitTests\AirLibUnitTests.vcxproj", "{DD9BEFFA-FD72-3650-9A8F-54A7811358A2}"
	ProjectSection(ProjectDependencies) = postProject
		{2A092CCE-FE65-3217-9040-DC4EEB255694} = {2A092CCE-FE65-3217-9040-DC4EEB255694}
		{2D768E55-98D8-3051-A189-E029E97A862B} = {2D768E55-98D8-3051-A189-E029E97A862B}
		{AFAA272A-E9E7-3671-90D6-7236CE2975E1} = {AFAA272A-E9E7-3671-90D6-7236CE2975E1}
		{5A504103-F8E8-3C70-9E3A-BD41E4FFBD2A} = {5A504103-F8E8-3C70-9E3A-BD41E4FFBD2A}
	EndProjectSection
EndProject
Project("{8BC9CEB8-8B4A-11D0-8D11-00A0C91BC942}") = "DroneServer", "DroneServer\DroneServer.vcxproj", "{8F12F233-9D4E-3CE4-8372-6367AFF7E453}"
	ProjectSection(ProjectDependencies) = postProject
		{2A092CCE-FE65-3217-9040-DC4EEB255694} = {2A092CCE-FE65-3217-9040-DC4EEB255694}
		{2D768E55-98D8-3051-A189-E029E97A862B} = {2D768E55-98D8-3051-A189-E029E97A862B}
		{AFAA272A-E9E7-3671-90D6-7236CE2975E1} = {AFAA272A-E9E7-3671-90D6-7236CE2975E1}
		{5A504103-F8E8-3C70-9E3A-BD41E4FFBD2A} = {5A504103-F8E8-3C70-9E3A-BD41E4FFBD2A}
	EndProjectSection
EndProject
Project("{8BC9CEB8-8B4A-11D0-8D11-00A0C91BC942}") = "DroneShell", "DroneShell\DroneShell.vcxproj", "{50516C67-EFFF-35F4-A9D8-A4ABA5925FC8}"
	ProjectSection(ProjectDependencies) = postProject
		{2A092CCE-FE65-3217-9040-DC4EEB255694} = {2A092CCE-FE65-3217-9040-DC4EEB255694}
		{2D768E55-98D8-3051-A189-E029E97A862B} = {2D768E55-98D8-3051-A189-E029E97A862B}
		{AFAA272A-E9E7-3671-90D6-7236CE2975E1} = {AFAA272A-E9E7-3671-90D6-7236CE2975E1}
		{5A504103-F8E8-3C70-9E3A-BD41E4FFBD2A} = {5A504103-F8E8-3C70-9E3A-BD41E4FFBD2A}
	EndProjectSection
EndProject
Project("{8BC9CEB8-8B4A-11D0-8D11-00A0C91BC942}") = "HelloDrone", "HelloDrone\HelloDrone.vcxproj", "{BC01B72B-0BA2-395D-88A0-BB93F95AB084}"
	ProjectSection(ProjectDependencies) = postProject
		{2A092CCE-FE65-3217-9040-DC4EEB255694} = {2A092CCE-FE65-3217-9040-DC4EEB255694}
		{2D768E55-98D8-3051-A189-E029E97A862B} = {2D768E55-98D8-3051-A189-E029E97A862B}
		{AFAA272A-E9E7-3671-90D6-7236CE2975E1} = {AFAA272A-E9E7-3671-90D6-7236CE2975E1}
		{5A504103-F8E8-3C70-9E3A-BD41E4FFBD2A} = {5A504103-F8E8-3C70-9E3A-BD41E4FFBD2A}
	EndProjectSection
EndProject
Project("{8BC9CEB8-8B4A-11D0-8D11-00A0C91BC942}") = "HelloQt", "HelloQt\HelloQt.vcxproj", "{25F2A902-0E8D-341C-8320-1AAC14CBBADD}"
	ProjectSection(ProjectDependencies) = postProject
		{2A092CCE-FE65-3217-9040-DC4EEB255694} = {2A092CCE-FE65-3217-9040-DC4EEB255694}
		{2D768E55-98D8-3051-A189-E029E97A862B} = {2D768E55-98D8-3051-A189-E029E97A862B}
		{AFAA272A-E9E7-3671-90D6-7236CE2975E1} = {AFAA272A-E9E7-3671-90D6-7236CE2975E1}
		{5A504103-F8E8-3C70-9E3A-BD41E4FFBD2A} = {5A504103-F8E8-3C70-9E3A-BD41E4FFBD2A}
	EndProjectSection
EndProject
Project("{8BC9CEB8-8B4A-11D0-8D11-00A0C91BC942}") = "HelloSpawnedDrones", "HelloSpawnedDrones\HelloSpawnedDrones.vcxproj", "{A7C69A02-1361-311D-A956-F0035D64B79C}"
	ProjectSection(ProjectDependencies) = postProject
		{2A092CCE-FE65-3217-9040-DC4EEB255694} = {2A092CCE-FE65-3217-9040-DC4EEB255694}
		{2D768E55-98D8-3051-A189-E029E97A862B} = {2D768E55-98D8-3051-A189-E029E97A862B}
		{AFAA272A-E9E7-3671-90D6-7236CE2975E1} = {AFAA272A-E9E7-3671-90D6-7236CE2975E1}
		{5A504103-F8E8-3C70-9E3A-BD41E4FFBD2A} = {5A504103-F8E8-3C70-9E3A-BD41E4FFBD2A}
	EndProjectSection
EndProject
Project("{8BC9CEB8-8B4A-11D0-8D11-00A0C91BC942}") = "INSTALL", "INSTALL.vcxproj", "{14F2322C-81CB-3C28-92EB-02E03D4FFC4D}"
	ProjectSection(ProjectDependencies) = postProject
		{BAC7AB12-768C-39FF-AD4A-751C9B88E6DD} = {BAC7AB12-768C-39FF-AD4A-751C9B88E6DD}
		{AFAA272A-E9E7-3671-90D6-7236CE2975E1} = {AFAA272A-E9E7-3671-90D6-7236CE2975E1}
	EndProjectSection
EndProject
Project("{8BC9CEB8-8B4A-11D0-8D11-00A0C91BC942}") = "MavLinkCom", "MavLinkCom\MavLinkCom.vcxproj", "{2D768E55-98D8-3051-A189-E029E97A862B}"
	ProjectSection(ProjectDependencies) = postProject
		{AFAA272A-E9E7-3671-90D6-7236CE2975E1} = {AFAA272A-E9E7-3671-90D6-7236CE2975E1}
	EndProjectSection
EndProject
Project("{8BC9CEB8-8B4A-11D0-8D11-00A0C91BC942}") = "MavLinkTest", "MavLinkCom\MavLinkTest\MavLinkTest.vcxproj", "{24270A8C-BF07-32BF-B730-AA2E9BD131EC}"
	ProjectSection(ProjectDependencies) = postProject
		{2D768E55-98D8-3051-A189-E029E97A862B} = {2D768E55-98D8-3051-A189-E029E97A862B}
		{AFAA272A-E9E7-3671-90D6-7236CE2975E1} = {AFAA272A-E9E7-3671-90D6-7236CE2975E1}
	EndProjectSection
EndProject
Project("{8BC9CEB8-8B4A-11D0-8D11-00A0C91BC942}") = "ZERO_CHECK", "ZERO_CHECK.vcxproj", "{AFAA272A-E9E7-3671-90D6-7236CE2975E1}"
	ProjectSection(ProjectDependencies) = postProject
	EndProjectSection
EndProject
Project("{8BC9CEB8-8B4A-11D0-8D11-00A0C91BC942}") = "rpc", "rpclib_wrapper\rpclib\rpc.vcxproj", "{5A504103-F8E8-3C70-9E3A-BD41E4FFBD2A}"
	ProjectSection(ProjectDependencies) = postProject
		{AFAA272A-E9E7-3671-90D6-7236CE2975E1} = {AFAA272A-E9E7-3671-90D6-7236CE2975E1}
	EndProjectSection
EndProject
Global
	GlobalSection(SolutionConfigurationPlatforms) = preSolution
		Debug|x64 = Debug|x64
		Release|x64 = Release|x64
		MinSizeRel|x64 = MinSizeRel|x64
		RelWithDebInfo|x64 = RelWithDebInfo|x64
	EndGlobalSection
	GlobalSection(ProjectConfigurationPlatforms) = postSolution
		{BAC7AB12-768C-39FF-AD4A-751C9B88E6DD}.Debug|x64.ActiveCfg = Debug|x64
		{BAC7AB12-768C-39FF-AD4A-751C9B88E6DD}.Debug|x64.Build.0 = Debug|x64
		{BAC7AB12-768C-39FF-AD4A-751C9B88E6DD}.Release|x64.ActiveCfg = Release|x64
		{BAC7AB12-768C-39FF-AD4A-751C9B88E6DD}.Release|x64.Build.0 = Release|x64
		{BAC7AB12-768C-39FF-AD4A-751C9B88E6DD}.MinSizeRel|x64.ActiveCfg = MinSizeRel|x64
		{BAC7AB12-768C-39FF-AD4A-751C9B88E6DD}.MinSizeRel|x64.Build.0 = MinSizeRel|x64
		{BAC7AB12-768C-39FF-AD4A-751C9B88E6DD}.RelWithDebInfo|x64.ActiveCfg = RelWithDebInfo|x64
		{BAC7AB12-768C-39FF-AD4A-751C9B88E6DD}.RelWithDebInfo|x64.Build.0 = RelWithDebInfo|x64
		{2A092CCE-FE65-3217-9040-DC4EEB255694}.Debug|x64.ActiveCfg = Debug|x64
		{2A092CCE-FE65-3217-9040-DC4EEB255694}.Debug|x64.Build.0 = Debug|x64
		{2A092CCE-FE65-3217-9040-DC4EEB255694}.Release|x64.ActiveCfg = Release|x64
		{2A092CCE-FE65-3217-9040-DC4EEB255694}.Release|x64.Build.0 = Release|x64
		{2A092CCE-FE65-3217-9040-DC4EEB255694}.MinSizeRel|x64.ActiveCfg = MinSizeRel|x64
		{2A092CCE-FE65-3217-9040-DC4EEB255694}.MinSizeRel|x64.Build.0 = MinSizeRel|x64
		{2A092CCE-FE65-3217-9040-DC4EEB255694}.RelWithDebInfo|x64.ActiveCfg = RelWithDebInfo|x64
		{2A092CCE-FE65-3217-9040-DC4EEB255694}.RelWithDebInfo|x64.Build.0 = RelWithDebInfo|x64
		{DD9BEFFA-FD72-3650-9A8F-54A7811358A2}.Debug|x64.ActiveCfg = Debug|x64
		{DD9BEFFA-FD72-3650-9A8F-54A7811358A2}.Debug|x64.Build.0 = Debug|x64
		{DD9BEFFA-FD72-3650-9A8F-54A7811358A2}.Release|x64.ActiveCfg = Release|x64
		{DD9BEFFA-FD72-3650-9A8F-54A7811358A2}.Release|x64.Build.0 = Release|x64
		{DD9BEFFA-FD72-3650-9A8F-54A7811358A2}.MinSizeRel|x64.ActiveCfg = MinSizeRel|x64
		{DD9BEFFA-FD72-3650-9A8F-54A7811358A2}.MinSizeRel|x64.Build.0 = MinSizeRel|x64
		{DD9BEFFA-FD72-3650-9A8F-54A7811358A2}.RelWithDebInfo|x64.ActiveCfg = RelWithDebInfo|x64
		{DD9BEFFA-FD72-3650-9A8F-54A7811358A2}.RelWithDebInfo|x64.Build.0 = RelWithDebInfo|x64
		{8F12F233-9D4E-3CE4-8372-6367AFF7E453}.Debug|x64.ActiveCfg = Debug|x64
		{8F12F233-9D4E-3CE4-8372-6367AFF7E453}.Debug|x64.Build.0 = Debug|x64
		{8F12F233-9D4E-3CE4-8372-6367AFF7E453}.Release|x64.ActiveCfg = Release|x64
		{8F12F233-9D4E-3CE4-8372-6367AFF7E453}.Release|x64.Build.0 = Release|x64
		{8F12F233-9D4E-3CE4-8372-6367AFF7E453}.MinSizeRel|x64.ActiveCfg = MinSizeRel|x64
		{8F12F233-9D4E-3CE4-8372-6367AFF7E453}.MinSizeRel|x64.Build.0 = MinSizeRel|x64
		{8F12F233-9D4E-3CE4-8372-6367AFF7E453}.RelWithDebInfo|x64.ActiveCfg = RelWithDebInfo|x64
		{8F12F233-9D4E-3CE4-8372-6367AFF7E453}.RelWithDebInfo|x64.Build.0 = RelWithDebInfo|x64
		{50516C67-EFFF-35F4-A9D8-A4ABA5925FC8}.Debug|x64.ActiveCfg = Debug|x64
		{50516C67-EFFF-35F4-A9D8-A4ABA5925FC8}.Debug|x64.Build.0 = Debug|x64
		{50516C67-EFFF-35F4-A9D8-A4ABA5925FC8}.Release|x64.ActiveCfg = Release|x64
		{50516C67-EFFF-35F4-A9D8-A4ABA5925FC8}.Release|x64.Build.0 = Release|x64
		{50516C67-EFFF-35F4-A9D8-A4ABA5925FC8}.MinSizeRel|x64.ActiveCfg = MinSizeRel|x64
		{50516C67-EFFF-35F4-A9D8-A4ABA5925FC8}.MinSizeRel|x64.Build.0 = MinSizeRel|x64
		{50516C67-EFFF-35F4-A9D8-A4ABA5925FC8}.RelWithDebInfo|x64.ActiveCfg = RelWithDebInfo|x64
		{50516C67-EFFF-35F4-A9D8-A4ABA5925FC8}.RelWithDebInfo|x64.Build.0 = RelWithDebInfo|x64
		{BC01B72B-0BA2-395D-88A0-BB93F95AB084}.Debug|x64.ActiveCfg = Debug|x64
		{BC01B72B-0BA2-395D-88A0-BB93F95AB084}.Debug|x64.Build.0 = Debug|x64
		{BC01B72B-0BA2-395D-88A0-BB93F95AB084}.Release|x64.ActiveCfg = Release|x64
		{BC01B72B-0BA2-395D-88A0-BB93F95AB084}.Release|x64.Build.0 = Release|x64
		{BC01B72B-0BA2-395D-88A0-BB93F95AB084}.MinSizeRel|x64.ActiveCfg = MinSizeRel|x64
		{BC01B72B-0BA2-395D-88A0-BB93F95AB084}.MinSizeRel|x64.Build.0 = MinSizeRel|x64
		{BC01B72B-0BA2-395D-88A0-BB93F95AB084}.RelWithDebInfo|x64.ActiveCfg = RelWithDebInfo|x64
		{BC01B72B-0BA2-395D-88A0-BB93F95AB084}.RelWithDebInfo|x64.Build.0 = RelWithDebInfo|x64
		{25F2A902-0E8D-341C-8320-1AAC14CBBADD}.Debug|x64.ActiveCfg = Debug|x64
		{25F2A902-0E8D-341C-8320-1AAC14CBBADD}.Debug|x64.Build.0 = Debug|x64
		{25F2A902-0E8D-341C-8320-1AAC14CBBADD}.Release|x64.ActiveCfg = Release|x64
		{25F2A902-0E8D-341C-8320-1AAC14CBBADD}.Release|x64.Build.0 = Release|x64
		{25F2A902-0E8D-341C-8320-1AAC14CBBADD}.MinSizeRel|x64.ActiveCfg = MinSizeRel|x64
		{25F2A902-0E8D-341C-8320-1AAC14CBBADD}.MinSizeRel|x64.Build.0 = MinSizeRel|x64
		{25F2A902-0E8D-341C-8320-1AAC14CBBADD}.RelWithDebInfo|x64.ActiveCfg = RelWithDebInfo|x64
		{25F2A902-0E8D-341C-8320-1AAC14CBBADD}.RelWithDebInfo|x64.Build.0 = RelWithDebInfo|x64
		{A7C69A02-1361-311D-A956-F0035D64B79C}.Debug|x64.ActiveCfg = Debug|x64
		{A7C69A02-1361-311D-A956-F0035D64B79C}.Debug|x64.Build.0 = Debug|x64
		{A7C69A02-1361-311D-A956-F0035D64B79C}.Release|x64.ActiveCfg = Release|x64
		{A7C69A02-1361-311D-A956-F0035D64B79C}.Release|x64.Build.0 = Release|x64
		{A7C69A02-1361-311D-A956-F0035D64B79C}.MinSizeRel|x64.ActiveCfg = MinSizeRel|x64
		{A7C69A02-1361-311D-A956-F0035D64B79C}.MinSizeRel|x64.Build.0 = MinSizeRel|x64
		{A7C69A02-1361-311D-A956-F0035D64B79C}.RelWithDebInfo|x64.ActiveCfg = RelWithDebInfo|x64
		{A7C69A02-1361-311D-A956-F0035D64B79C}.RelWithDebInfo|x64.Build.0 = RelWithDebInfo|x64
		{14F2322C-81CB-3C28-92EB-02E03D4FFC4D}.Debug|x64.ActiveCfg = Debug|x64
		{14F2322C-81CB-3C28-92EB-02E03D4FFC4D}.Release|x64.ActiveCfg = Release|x64
		{14F2322C-81CB-3C28-92EB-02E03D4FFC4D}.MinSizeRel|x64.ActiveCfg = MinSizeRel|x64
		{14F2322C-81CB-3C28-92EB-02E03D4FFC4D}.RelWithDebInfo|x64.ActiveCfg = RelWithDebInfo|x64
		{2D768E55-98D8-3051-A189-E029E97A862B}.Debug|x64.ActiveCfg = Debug|x64
		{2D768E55-98D8-3051-A189-E029E97A862B}.Debug|x64.Build.0 = Debug|x64
		{2D768E55-98D8-3051-A189-E029E97A862B}.Release|x64.ActiveCfg = Release|x64
		{2D768E55-98D8-3051-A189-E029E97A862B}.Release|x64.Build.0 = Release|x64
		{2D768E55-98D8-3051-A189-E029E97A862B}.MinSizeRel|x64.ActiveCfg = MinSizeRel|x64
		{2D768E55-98D8-3051-A189-E029E97A862B}.MinSizeRel|x64.Build.0 = MinSizeRel|x64
		{2D768E55-98D8-3051-A189-E029E97A862B}.RelWithDebInfo|x64.ActiveCfg = RelWithDebInfo|x64
		{2D768E55-98D8-3051-A189-E029E97A862B}.RelWithDebInfo|x64.Build.0 = RelWithDebInfo|x64
		{24270A8C-BF07-32BF-B730-AA2E9BD131EC}.Debug|x64.ActiveCfg = Debug|x64
		{24270A8C-BF07-32BF-B730-AA2E9BD131EC}.Debug|x64.Build.0 = Debug|x64
		{24270A8C-BF07-32BF-B730-AA2E9BD131EC}.Release|x64.ActiveCfg = Release|x64
		{24270A8C-BF07-32BF-B730-AA2E9BD131EC}.Release|x64.Build.0 = Release|x64
		{24270A8C-BF07-32BF-B730-AA2E9BD131EC}.MinSizeRel|x64.ActiveCfg = MinSizeRel|x64
		{24270A8C-BF07-32BF-B730-AA2E9BD131EC}.MinSizeRel|x64.Build.0 = MinSizeRel|x64
		{24270A8C-BF07-32BF-B730-AA2E9BD131EC}.RelWithDebInfo|x64.ActiveCfg = RelWithDebInfo|x64
		{24270A8C-BF07-32BF-B730-AA2E9BD131EC}.RelWithDebInfo|x64.Build.0 = RelWithDebInfo|x64
		{AFAA272A-E9E7-3671-90D6-7236CE2975E1}.Debug|x64.ActiveCfg = Debug|x64
		{AFAA272A-E9E7-3671-90D6-7236CE2975E1}.Debug|x64.Build.0 = Debug|x64
		{AFAA272A-E9E7-3671-90D6-7236CE2975E1}.Release|x64.ActiveCfg = Release|x64
		{AFAA272A-E9E7-3671-90D6-7236CE2975E1}.Release|x64.Build.0 = Release|x64
		{AFAA272A-E9E7-3671-90D6-7236CE2975E1}.MinSizeRel|x64.ActiveCfg = MinSizeRel|x64
		{AFAA272A-E9E7-3671-90D6-7236CE2975E1}.MinSizeRel|x64.Build.0 = MinSizeRel|x64
		{AFAA272A-E9E7-3671-90D6-7236CE2975E1}.RelWithDebInfo|x64.ActiveCfg = RelWithDebInfo|x64
		{AFAA272A-E9E7-3671-90D6-7236CE2975E1}.RelWithDebInfo|x64.Build.0 = RelWithDebInfo|x64
		{5A504103-F8E8-3C70-9E3A-BD41E4FFBD2A}.Debug|x64.ActiveCfg = Debug|x64
		{5A504103-F8E8-3C70-9E3A-BD41E4FFBD2A}.Debug|x64.Build.0 = Debug|x64
		{5A504103-F8E8-3C70-9E3A-BD41E4FFBD2A}.Release|x64.ActiveCfg = Release|x64
		{5A504103-F8E8-3C70-9E3A-BD41E4FFBD2A}.Release|x64.Build.0 = Release|x64
		{5A504103-F8E8-3C70-9E3A-BD41E4FFBD2A}.MinSizeRel|x64.ActiveCfg = MinSizeRel|x64
		{5A504103-F8E8-3C70-9E3A-BD41E4FFBD2A}.MinSizeRel|x64.Build.0 = MinSizeRel|x64
		{5A504103-F8E8-3C70-9E3A-BD41E4FFBD2A}.RelWithDebInfo|x64.ActiveCfg = RelWithDebInfo|x64
		{5A504103-F8E8-3C70-9E3A-BD41E4FFBD2A}.RelWithDebInfo|x64.Build.0 = RelWithDebInfo|x64
	EndGlobalSection
	GlobalSection(ExtensibilityGlobals) = postSolution
		SolutionGuid = {688B3AC5-DF5B-3A11-8997-A085CEB9C8B0}
	EndGlobalSection
	GlobalSection(ExtensibilityAddIns) = postSolution
	EndGlobalSection
EndGlobal
